{
  "name": "progressbar.ts",
  "version": "1.0.0",
  "lockfileVersion": 2,
  "requires": true,
  "packages": {
    "": {
      "name": "progressbar.ts",
      "version": "1.0.0",
      "license": "ISC",
      "devDependencies": {
        "@types/node": "^18.7.1"
      }
    },
    "node_modules/@types/node": {
      "version": "18.7.1",
      "resolved": "https://registry.npmjs.org/@types/node/-/node-18.7.1.tgz",
      "integrity": "sha512-GKX1Qnqxo4S+Z/+Z8KKPLpH282LD7jLHWJcVryOflnsnH+BtSDfieR6ObwBMwpnNws0bUK8GI7z0unQf9bARNQ==",
      "dev": true
    }
  },
  "dependencies": {
    "@types/node": {
      "version": "18.7.1",
      "resolved": "https://registry.npmjs.org/@types/node/-/node-18.7.1.tgz",
      "integrity": "sha512-GKX1Qnqxo4S+Z/+Z8KKPLpH282LD7jLHWJcVryOflnsnH+BtSDfieR6ObwBMwpnNws0bUK8GI7z0unQf9bARNQ==",
      "dev": true
    }
  }
}
